
Microsoft Visual Studio Solution File, Format Version 12.00
# Visual Studio Version 16
VisualStudioVersion = 16.0.30717.126
MinimumVisualStudioVersion = 10.0.40219.1
Project("{2150E333-8FDC-42A3-9474-1A3956D46DE8}") = "BusinessRules", "BusinessRules", "{F9B62024-AABD-40D5-B5FF-E0BE1475AF8E}"
EndProject
Project("{2150E333-8FDC-42A3-9474-1A3956D46DE8}") = "Core", "Core", "{11856119-4426-4F50-8382-3D1C4AFA94A2}"
EndProject
Project("{2150E333-8FDC-42A3-9474-1A3956D46DE8}") = "DataAccess", "DataAccess", "{4B42552B-CE4F-4699-9882-7E3C65C0D1FF}"
EndProject
Project("{9A19103F-16F7-4668-BE54-9A1E7A4F7556}") = "Common", "Common\Common.csproj", "{8E73886A-C956-4952-B150-557F4D103E5A}"
EndProject
Project("{9A19103F-16F7-4668-BE54-9A1E7A4F7556}") = "PersonDAL", "PersonDAL\PersonDAL.csproj", "{B683D253-C65B-4B80-96F2-2D63B602C47F}"
EndProject
Project("{9A19103F-16F7-4668-BE54-9A1E7A4F7556}") = "PersonaBRL", "PersonaBRL\PersonaBRL.csproj", "{223C773B-A507-4E04-A6A6-481A8C624186}"
EndProject
Project("{2150E333-8FDC-42A3-9474-1A3956D46DE8}") = "Presentation", "Presentation", "{1AB0122F-B676-4033-8B6E-C683654858A3}"
EndProject
Project("{9A19103F-16F7-4668-BE54-9A1E7A4F7556}") = "Tipika", "Tipika\Tipika.csproj", "{D12925A2-8CFD-4423-91E4-B38E55BE58E6}"
EndProject
Project("{9A19103F-16F7-4668-BE54-9A1E7A4F7556}") = "OrderDAL", "PedidoDAL\OrderDAL.csproj", "{7E1F24D5-9C80-494C-AA80-67B2E5184D5D}"
EndProject
Project("{9A19103F-16F7-4668-BE54-9A1E7A4F7556}") = "OrderBRL", "OrderBRL\OrderBRL.csproj", "{757E3A23-E2AA-4BDA-9D1B-2B7FCDCF6029}"
EndProject
Project("{9A19103F-16F7-4668-BE54-9A1E7A4F7556}") = "ProductDAL", "ProductDAL\ProductDAL.csproj", "{6CD33581-8B48-4EBD-B008-0641DA08835D}"
EndProject
Project("{9A19103F-16F7-4668-BE54-9A1E7A4F7556}") = "ProductBRL", "ProductBRL\ProductBRL.csproj", "{0189F1B1-B359-44D5-9D42-3A8CA3CFF495}"
EndProject
Project("{9A19103F-16F7-4668-BE54-9A1E7A4F7556}") = "RestaurantDAL", "RestaurantDAL\RestaurantDAL.csproj", "{8CDEEF9D-BD93-4D5E-BC2A-3D318758F2FC}"
EndProject
Project("{FAE04EC0-301F-11D3-BF4B-00C04F79EFBC}") = "RestauranteBRL", "RestauranteBRL\RestauranteBRL.csproj", "{C3DE8A84-22D8-49AC-B9FE-2750B86B5415}"
EndProject
Global
	GlobalSection(SolutionConfigurationPlatforms) = preSolution
		Debug|Any CPU = Debug|Any CPU
		Release|Any CPU = Release|Any CPU
	EndGlobalSection
	GlobalSection(ProjectConfigurationPlatforms) = postSolution
		{8E73886A-C956-4952-B150-557F4D103E5A}.Debug|Any CPU.ActiveCfg = Debug|Any CPU
		{8E73886A-C956-4952-B150-557F4D103E5A}.Debug|Any CPU.Build.0 = Debug|Any CPU
		{8E73886A-C956-4952-B150-557F4D103E5A}.Release|Any CPU.ActiveCfg = Release|Any CPU
		{8E73886A-C956-4952-B150-557F4D103E5A}.Release|Any CPU.Build.0 = Release|Any CPU
		{B683D253-C65B-4B80-96F2-2D63B602C47F}.Debug|Any CPU.ActiveCfg = Debug|Any CPU
		{B683D253-C65B-4B80-96F2-2D63B602C47F}.Debug|Any CPU.Build.0 = Debug|Any CPU
		{B683D253-C65B-4B80-96F2-2D63B602C47F}.Release|Any CPU.ActiveCfg = Release|Any CPU
		{B683D253-C65B-4B80-96F2-2D63B602C47F}.Release|Any CPU.Build.0 = Release|Any CPU
		{223C773B-A507-4E04-A6A6-481A8C624186}.Debug|Any CPU.ActiveCfg = Debug|Any CPU
		{223C773B-A507-4E04-A6A6-481A8C624186}.Debug|Any CPU.Build.0 = Debug|Any CPU
		{223C773B-A507-4E04-A6A6-481A8C624186}.Release|Any CPU.ActiveCfg = Release|Any CPU
		{223C773B-A507-4E04-A6A6-481A8C624186}.Release|Any CPU.Build.0 = Release|Any CPU
		{D12925A2-8CFD-4423-91E4-B38E55BE58E6}.Debug|Any CPU.ActiveCfg = Debug|Any CPU
		{D12925A2-8CFD-4423-91E4-B38E55BE58E6}.Debug|Any CPU.Build.0 = Debug|Any CPU
		{D12925A2-8CFD-4423-91E4-B38E55BE58E6}.Release|Any CPU.ActiveCfg = Release|Any CPU
		{D12925A2-8CFD-4423-91E4-B38E55BE58E6}.Release|Any CPU.Build.0 = Release|Any CPU
		{7E1F24D5-9C80-494C-AA80-67B2E5184D5D}.Debug|Any CPU.ActiveCfg = Debug|Any CPU
		{7E1F24D5-9C80-494C-AA80-67B2E5184D5D}.Debug|Any CPU.Build.0 = Debug|Any CPU
		{7E1F24D5-9C80-494C-AA80-67B2E5184D5D}.Release|Any CPU.ActiveCfg = Release|Any CPU
		{7E1F24D5-9C80-494C-AA80-67B2E5184D5D}.Release|Any CPU.Build.0 = Release|Any CPU
		{757E3A23-E2AA-4BDA-9D1B-2B7FCDCF6029}.Debug|Any CPU.ActiveCfg = Debug|Any CPU
		{757E3A23-E2AA-4BDA-9D1B-2B7FCDCF6029}.Debug|Any CPU.Build.0 = Debug|Any CPU
		{757E3A23-E2AA-4BDA-9D1B-2B7FCDCF6029}.Release|Any CPU.ActiveCfg = Release|Any CPU
		{757E3A23-E2AA-4BDA-9D1B-2B7FCDCF6029}.Release|Any CPU.Build.0 = Release|Any CPU
		{6CD33581-8B48-4EBD-B008-0641DA08835D}.Debug|Any CPU.ActiveCfg = Debug|Any CPU
		{6CD33581-8B48-4EBD-B008-0641DA08835D}.Debug|Any CPU.Build.0 = Debug|Any CPU
		{6CD33581-8B48-4EBD-B008-0641DA08835D}.Release|Any CPU.ActiveCfg = Release|Any CPU
		{6CD33581-8B48-4EBD-B008-0641DA08835D}.Release|Any CPU.Build.0 = Release|Any CPU
		{0189F1B1-B359-44D5-9D42-3A8CA3CFF495}.Debug|Any CPU.ActiveCfg = Debug|Any CPU
		{0189F1B1-B359-44D5-9D42-3A8CA3CFF495}.Debug|Any CPU.Build.0 = Debug|Any CPU
		{0189F1B1-B359-44D5-9D42-3A8CA3CFF495}.Release|Any CPU.ActiveCfg = Release|Any CPU
		{0189F1B1-B359-44D5-9D42-3A8CA3CFF495}.Release|Any CPU.Build.0 = Release|Any CPU
		{8CDEEF9D-BD93-4D5E-BC2A-3D318758F2FC}.Debug|Any CPU.ActiveCfg = Debug|Any CPU
		{8CDEEF9D-BD93-4D5E-BC2A-3D318758F2FC}.Debug|Any CPU.Build.0 = Debug|Any CPU
		{8CDEEF9D-BD93-4D5E-BC2A-3D318758F2FC}.Release|Any CPU.ActiveCfg = Release|Any CPU
		{8CDEEF9D-BD93-4D5E-BC2A-3D318758F2FC}.Release|Any CPU.Build.0 = Release|Any CPU
		{C3DE8A84-22D8-49AC-B9FE-2750B86B5415}.Debug|Any CPU.ActiveCfg = Debug|Any CPU
		{C3DE8A84-22D8-49AC-B9FE-2750B86B5415}.Debug|Any CPU.Build.0 = Debug|Any CPU
		{C3DE8A84-22D8-49AC-B9FE-2750B86B5415}.Release|Any CPU.ActiveCfg = Release|Any CPU
		{C3DE8A84-22D8-49AC-B9FE-2750B86B5415}.Release|Any CPU.Build.0 = Release|Any CPU
	EndGlobalSection
	GlobalSection(SolutionProperties) = preSolution
		HideSolutionNode = FALSE
	EndGlobalSection
	GlobalSection(NestedProjects) = preSolution
		{8E73886A-C956-4952-B150-557F4D103E5A} = {11856119-4426-4F50-8382-3D1C4AFA94A2}
		{B683D253-C65B-4B80-96F2-2D63B602C47F} = {4B42552B-CE4F-4699-9882-7E3C65C0D1FF}
		{223C773B-A507-4E04-A6A6-481A8C624186} = {F9B62024-AABD-40D5-B5FF-E0BE1475AF8E}
		{D12925A2-8CFD-4423-91E4-B38E55BE58E6} = {1AB0122F-B676-4033-8B6E-C683654858A3}
		{7E1F24D5-9C80-494C-AA80-67B2E5184D5D} = {4B42552B-CE4F-4699-9882-7E3C65C0D1FF}
		{757E3A23-E2AA-4BDA-9D1B-2B7FCDCF6029} = {F9B62024-AABD-40D5-B5FF-E0BE1475AF8E}
		{6CD33581-8B48-4EBD-B008-0641DA08835D} = {4B42552B-CE4F-4699-9882-7E3C65C0D1FF}
		{0189F1B1-B359-44D5-9D42-3A8CA3CFF495} = {F9B62024-AABD-40D5-B5FF-E0BE1475AF8E}
		{8CDEEF9D-BD93-4D5E-BC2A-3D318758F2FC} = {4B42552B-CE4F-4699-9882-7E3C65C0D1FF}
		{C3DE8A84-22D8-49AC-B9FE-2750B86B5415} = {F9B62024-AABD-40D5-B5FF-E0BE1475AF8E}
	EndGlobalSection
	GlobalSection(ExtensibilityGlobals) = postSolution
		SolutionGuid = {24988435-7F0F-4C5B-A229-13CB3CF041C2}
	EndGlobalSection
EndGlobal
